
Microsoft Visual Studio Solution File, Format Version 12.00
# Visual Studio Version 16
VisualStudioVersion = 16.0.29509.3
MinimumVisualStudioVersion = 10.0.40219.1
Project("{FAE04EC0-301F-11D3-BF4B-00C04F79EFBC}") = "aaaaa", "aaaaa\aaaaa.csproj", "{DD0B7CDE-B7F9-4B5D-BE7B-24451D33303F}"
EndProject
Project("{FAE04EC0-301F-11D3-BF4B-00C04F79EFBC}") = "Entities", "Entities\Entities.csproj", "{B9803FCB-5A13-4A7F-BABE-D7944041DD5B}"
EndProject
Project("{FAE04EC0-301F-11D3-BF4B-00C04F79EFBC}") = "SqlDatabase", "SqlDatabase\SqlDatabase.csproj", "{BBE85CF7-7915-4131-9ACC-A64437804EF1}"
EndProject
Project("{FAE04EC0-301F-11D3-BF4B-00C04F79EFBC}") = "Controllers", "Controllers\Controllers.csproj", "{96304AF1-459A-4D96-BEB3-8C6BD2561928}"
EndProject
Project("{FAE04EC0-301F-11D3-BF4B-00C04F79EFBC}") = "Models", "Models\Models.csproj", "{7ECF5184-8B48-4FB4-986E-70B94C8FD9A2}"
EndProject
Global
	GlobalSection(SolutionConfigurationPlatforms) = preSolution
		Debug|Any CPU = Debug|Any CPU
		Release|Any CPU = Release|Any CPU
	EndGlobalSection
	GlobalSection(ProjectConfigurationPlatforms) = postSolution
		{DD0B7CDE-B7F9-4B5D-BE7B-24451D33303F}.Debug|Any CPU.ActiveCfg = Debug|Any CPU
		{DD0B7CDE-B7F9-4B5D-BE7B-24451D33303F}.Debug|Any CPU.Build.0 = Debug|Any CPU
		{DD0B7CDE-B7F9-4B5D-BE7B-24451D33303F}.Release|Any CPU.ActiveCfg = Release|Any CPU
		{DD0B7CDE-B7F9-4B5D-BE7B-24451D33303F}.Release|Any CPU.Build.0 = Release|Any CPU
		{B9803FCB-5A13-4A7F-BABE-D7944041DD5B}.Debug|Any CPU.ActiveCfg = Debug|Any CPU
		{B9803FCB-5A13-4A7F-BABE-D7944041DD5B}.Debug|Any CPU.Build.0 = Debug|Any CPU
		{B9803FCB-5A13-4A7F-BABE-D7944041DD5B}.Release|Any CPU.ActiveCfg = Release|Any CPU
		{B9803FCB-5A13-4A7F-BABE-D7944041DD5B}.Release|Any CPU.Build.0 = Release|Any CPU
		{BBE85CF7-7915-4131-9ACC-A64437804EF1}.Debug|Any CPU.ActiveCfg = Debug|Any CPU
		{BBE85CF7-7915-4131-9ACC-A64437804EF1}.Debug|Any CPU.Build.0 = Debug|Any CPU
		{BBE85CF7-7915-4131-9ACC-A64437804EF1}.Release|Any CPU.ActiveCfg = Release|Any CPU
		{BBE85CF7-7915-4131-9ACC-A64437804EF1}.Release|Any CPU.Build.0 = Release|Any CPU
		{96304AF1-459A-4D96-BEB3-8C6BD2561928}.Debug|Any CPU.ActiveCfg = Debug|Any CPU
		{96304AF1-459A-4D96-BEB3-8C6BD2561928}.Debug|Any CPU.Build.0 = Debug|Any CPU
		{96304AF1-459A-4D96-BEB3-8C6BD2561928}.Release|Any CPU.ActiveCfg = Release|Any CPU
		{96304AF1-459A-4D96-BEB3-8C6BD2561928}.Release|Any CPU.Build.0 = Release|Any CPU
		{7ECF5184-8B48-4FB4-986E-70B94C8FD9A2}.Debug|Any CPU.ActiveCfg = Debug|Any CPU
		{7ECF5184-8B48-4FB4-986E-70B94C8FD9A2}.Debug|Any CPU.Build.0 = Debug|Any CPU
		{7ECF5184-8B48-4FB4-986E-70B94C8FD9A2}.Release|Any CPU.ActiveCfg = Release|Any CPU
		{7ECF5184-8B48-4FB4-986E-70B94C8FD9A2}.Release|Any CPU.Build.0 = Release|Any CPU
	EndGlobalSection
	GlobalSection(SolutionProperties) = preSolution
		HideSolutionNode = FALSE
	EndGlobalSection
	GlobalSection(ExtensibilityGlobals) = postSolution
		SolutionGuid = {E84F4160-313C-4784-907D-D9138639F9C3}
	EndGlobalSection
EndGlobal
